
Microsoft Visual Studio Solution File, Format Version 12.00
# Visual Studio Version 16
VisualStudioVersion = 16.0.34114.132
MinimumVisualStudioVersion = 10.0.40219.1
Project("{FAE04EC0-301F-11D3-BF4B-00C04F79EFBC}") = "NSH Pong", "NSH Pong\NSH Pong.csproj", "{BA19102E-AF9E-43EF-A2DC-449CC62E2933}"
EndProject
Global
	GlobalSection(SolutionConfigurationPlatforms) = preSolution
		Debug|Any CPU = Debug|Any CPU
		Release|Any CPU = Release|Any CPU
	EndGlobalSection
	GlobalSection(ProjectConfigurationPlatforms) = postSolution
		{BA19102E-AF9E-43EF-A2DC-449CC62E2933}.Debug|Any CPU.ActiveCfg = Debug|Any CPU
		{BA19102E-AF9E-43EF-A2DC-449CC62E2933}.Debug|Any CPU.Build.0 = Debug|Any CPU
		{BA19102E-AF9E-43EF-A2DC-449CC62E2933}.Release|Any CPU.ActiveCfg = Release|Any CPU
		{BA19102E-AF9E-43EF-A2DC-449CC62E2933}.Release|Any CPU.Build.0 = Release|Any CPU
	EndGlobalSection
	GlobalSection(SolutionProperties) = preSolution
		HideSolutionNode = FALSE
	EndGlobalSection
	GlobalSection(ExtensibilityGlobals) = postSolution
		SolutionGuid = {76EE7B98-3068-40B9-8333-A255CFD4170E}
	EndGlobalSection
EndGlobal
